github.com/alessio/shellescape v1.4.2 h1:MHPfaU+ddJ0/bYWpgIeUnQUqKrlJ1S7BfEYPM4uEoM0=
github.com/alessio/shellescape v1.4.2/go.mod h1:PZAiSCk0LJaZkiCSkPv8qIobYglO3FPpyFjDCtHLS30=
github.com/alphadose/haxmap v1.4.1 h1:VtD6VCxUkjNIfJk/aWdYFfOzrRddDFjmvmRmILg7x8Q=
github.com/alphadose/haxmap v1.4.1/go.mod h1:rjHw1IAqbxm0S3U5tD16GoKsiAd8FWx5BJ2IYqXwgmM=
github.com/davecgh/go-spew v1.1.1 h1:vj9j/u1bqnvCEfJOwUhtlOARqs3+rkHYY13jYWTU97c=
github.com/davecgh/go-spew v1.1.1/go.mod h1:J7Y8YcW2NihsgmVo/mv3lAwl/skON4iLHjSsI+c5H38=
github.com/google/uuid v1.6.0 h1:NIvaJDMOsjHA8n1jAhLSgzrAzy1Hgr+hNrb57e+94F0=
github.com/google/uuid v1.6.0/go.mod h1:TIyPZe4MgqvfeYDBFedMoGGpEw/LqOeaOT+nhxU+yHo=
github.com/pmezard/go-difflib v1.0.0 h1:4DBwDE0NGyQoBHbLQYPwSUPoCMWR5BEzIk/f1lZbAQM=
github.com/pmezard/go-difflib v1.0.0/go.mod h1:iKH77koFhYxTK1pcRnkKkqfTogsbg7gZNVY4sRDYZ/4=
github.com/stretchr/testify v1.11.1 h1:7s2iGBzp5EwR7/aIZr8ao5+dra3wiQyKjjFuvgVKu7U=
github.com/tawesoft/golib/v2 v2.16.0 h1:QJPqTFPVz++45fTVyP66o8IfCfz8MYgTrn6nypVLv2o=
github.com/tawesoft/golib/v2 v2.16.0/go.mod h1:S+cpYdLd1NwKQmWnycfIJqJegOek/Zz+JY9FH7EJTWs=
golang.org/x/exp v0.0.0-20260410095643-746e56fc9e2f h1:W3F4c+6OLc6H2lb//N1q4WpJkhzJCK5J6kUi1NTVXfM=
golang.org/x/sys v0.44.0 h1:ildZl3J4uzeKP07r2F++Op7E9B29JRUy+a27EibtBTQ=
golang.org/x/text v0.37.0 h1:Cqjiwd9eSg8e0QAkyCaQTNHFIIzWtidPahFWR83rTrc=
gopkg.in/yaml.v3 v3.0.1 h1:fxVm/GzAzEWqLHuvctI91KS9hhNmmWOoWu0XTYJS7CA=
gopkg.in/yaml.v3 v3.0.1/go.mod h1:K4uyk7z7BCEPqu6E+C64Yfv1cQ7kz7rIZviUmN+EgEM=
